
Microsoft Visual Studio Solution File, Format Version 12.00
# Visual Studio Version 16
VisualStudioVersion = 16.0.31005.135
MinimumVisualStudioVersion = 15.0.26124.0
Project("{9A19103F-16F7-4668-BE54-9A1E7A4F7556}") = "CommandLine", "CommandLine\CommandLine.csproj", "{188F6E5A-3B53-4691-98BF-2EBA4DB642C4}"
EndProject
Project("{9A19103F-16F7-4668-BE54-9A1E7A4F7556}") = "UnitTests", "UnitTests\UnitTests.csproj", "{A393C7B3-839A-4590-9796-98D8A8860228}"
EndProject
Project("{2150E333-8FDC-42A3-9474-1A3956D46DE8}") = "Solution Items", "Solution Items", "{B832D6AB-0FE1-4B3A-B589-364B117BFB75}"
	ProjectSection(SolutionItems) = preProject
		..\.gitignore = ..\.gitignore
		..\CHANGELOG.md = ..\CHANGELOG.md
		..\README.md = ..\README.md
	EndProjectSection
EndProject
Project("{FAE04EC0-301F-11D3-BF4B-00C04F79EFBC}") = "Application", "Application\Application.csproj", "{8F7CFB08-6E91-41A2-9344-D2BFB618B99D}"
EndProject
Project("{FAE04EC0-301F-11D3-BF4B-00C04F79EFBC}") = "Implementation", "Implementation\Implementation.csproj", "{ACEA4D6A-060B-4945-B5EF-5541DBE95CB6}"
EndProject
Project("{FAE04EC0-301F-11D3-BF4B-00C04F79EFBC}") = "_build", "..\build\_build.csproj", "{B259C4EC-756D-4D49-A115-170B2625DDF1}"
EndProject
Global
	GlobalSection(SolutionConfigurationPlatforms) = preSolution
		Debug|Any CPU = Debug|Any CPU
		Debug|x64 = Debug|x64
		Debug|x86 = Debug|x86
		Release|Any CPU = Release|Any CPU
		Release|x64 = Release|x64
		Release|x86 = Release|x86
	EndGlobalSection
	GlobalSection(ProjectConfigurationPlatforms) = postSolution
		{188F6E5A-3B53-4691-98BF-2EBA4DB642C4}.Debug|Any CPU.ActiveCfg = Debug|Any CPU
		{188F6E5A-3B53-4691-98BF-2EBA4DB642C4}.Debug|Any CPU.Build.0 = Debug|Any CPU
		{188F6E5A-3B53-4691-98BF-2EBA4DB642C4}.Debug|x64.ActiveCfg = Debug|Any CPU
		{188F6E5A-3B53-4691-98BF-2EBA4DB642C4}.Debug|x64.Build.0 = Debug|Any CPU
		{188F6E5A-3B53-4691-98BF-2EBA4DB642C4}.Debug|x86.ActiveCfg = Debug|Any CPU
		{188F6E5A-3B53-4691-98BF-2EBA4DB642C4}.Debug|x86.Build.0 = Debug|Any CPU
		{188F6E5A-3B53-4691-98BF-2EBA4DB642C4}.Release|Any CPU.ActiveCfg = Release|Any CPU
		{188F6E5A-3B53-4691-98BF-2EBA4DB642C4}.Release|Any CPU.Build.0 = Release|Any CPU
		{188F6E5A-3B53-4691-98BF-2EBA4DB642C4}.Release|x64.ActiveCfg = Release|Any CPU
		{188F6E5A-3B53-4691-98BF-2EBA4DB642C4}.Release|x64.Build.0 = Release|Any CPU
		{188F6E5A-3B53-4691-98BF-2EBA4DB642C4}.Release|x86.ActiveCfg = Release|Any CPU
		{188F6E5A-3B53-4691-98BF-2EBA4DB642C4}.Release|x86.Build.0 = Release|Any CPU
		{A393C7B3-839A-4590-9796-98D8A8860228}.Debug|Any CPU.ActiveCfg = Debug|Any CPU
		{A393C7B3-839A-4590-9796-98D8A8860228}.Debug|Any CPU.Build.0 = Debug|Any CPU
		{A393C7B3-839A-4590-9796-98D8A8860228}.Debug|x64.ActiveCfg = Debug|Any CPU
		{A393C7B3-839A-4590-9796-98D8A8860228}.Debug|x64.Build.0 = Debug|Any CPU
		{A393C7B3-839A-4590-9796-98D8A8860228}.Debug|x86.ActiveCfg = Debug|Any CPU
		{A393C7B3-839A-4590-9796-98D8A8860228}.Debug|x86.Build.0 = Debug|Any CPU
		{A393C7B3-839A-4590-9796-98D8A8860228}.Release|Any CPU.ActiveCfg = Release|Any CPU
		{A393C7B3-839A-4590-9796-98D8A8860228}.Release|Any CPU.Build.0 = Release|Any CPU
		{A393C7B3-839A-4590-9796-98D8A8860228}.Release|x64.ActiveCfg = Release|Any CPU
		{A393C7B3-839A-4590-9796-98D8A8860228}.Release|x64.Build.0 = Release|Any CPU
		{A393C7B3-839A-4590-9796-98D8A8860228}.Release|x86.ActiveCfg = Release|Any CPU
		{A393C7B3-839A-4590-9796-98D8A8860228}.Release|x86.Build.0 = Release|Any CPU
		{8F7CFB08-6E91-41A2-9344-D2BFB618B99D}.Debug|Any CPU.ActiveCfg = Debug|Any CPU
		{8F7CFB08-6E91-41A2-9344-D2BFB618B99D}.Debug|Any CPU.Build.0 = Debug|Any CPU
		{8F7CFB08-6E91-41A2-9344-D2BFB618B99D}.Debug|x64.ActiveCfg = Debug|Any CPU
		{8F7CFB08-6E91-41A2-9344-D2BFB618B99D}.Debug|x64.Build.0 = Debug|Any CPU
		{8F7CFB08-6E91-41A2-9344-D2BFB618B99D}.Debug|x86.ActiveCfg = Debug|Any CPU
		{8F7CFB08-6E91-41A2-9344-D2BFB618B99D}.Debug|x86.Build.0 = Debug|Any CPU
		{8F7CFB08-6E91-41A2-9344-D2BFB618B99D}.Release|Any CPU.ActiveCfg = Release|Any CPU
		{8F7CFB08-6E91-41A2-9344-D2BFB618B99D}.Release|Any CPU.Build.0 = Release|Any CPU
		{8F7CFB08-6E91-41A2-9344-D2BFB618B99D}.Release|x64.ActiveCfg = Release|Any CPU
		{8F7CFB08-6E91-41A2-9344-D2BFB618B99D}.Release|x64.Build.0 = Release|Any CPU
		{8F7CFB08-6E91-41A2-9344-D2BFB618B99D}.Release|x86.ActiveCfg = Release|Any CPU
		{8F7CFB08-6E91-41A2-9344-D2BFB618B99D}.Release|x86.Build.0 = Release|Any CPU
		{ACEA4D6A-060B-4945-B5EF-5541DBE95CB6}.Debug|Any CPU.ActiveCfg = Debug|Any CPU
		{ACEA4D6A-060B-4945-B5EF-5541DBE95CB6}.Debug|Any CPU.Build.0 = Debug|Any CPU
		{ACEA4D6A-060B-4945-B5EF-5541DBE95CB6}.Debug|x64.ActiveCfg = Debug|Any CPU
		{ACEA4D6A-060B-4945-B5EF-5541DBE95CB6}.Debug|x64.Build.0 = Debug|Any CPU
		{ACEA4D6A-060B-4945-B5EF-5541DBE95CB6}.Debug|x86.ActiveCfg = Debug|Any CPU
		{ACEA4D6A-060B-4945-B5EF-5541DBE95CB6}.Debug|x86.Build.0 = Debug|Any CPU
		{ACEA4D6A-060B-4945-B5EF-5541DBE95CB6}.Release|Any CPU.ActiveCfg = Release|Any CPU
		{ACEA4D6A-060B-4945-B5EF-5541DBE95CB6}.Release|Any CPU.Build.0 = Release|Any CPU
		{ACEA4D6A-060B-4945-B5EF-5541DBE95CB6}.Release|x64.ActiveCfg = Release|Any CPU
		{ACEA4D6A-060B-4945-B5EF-5541DBE95CB6}.Release|x64.Build.0 = Release|Any CPU
		{ACEA4D6A-060B-4945-B5EF-5541DBE95CB6}.Release|x86.ActiveCfg = Release|Any CPU
		{ACEA4D6A-060B-4945-B5EF-5541DBE95CB6}.Release|x86.Build.0 = Release|Any CPU
		{B259C4EC-756D-4D49-A115-170B2625DDF1}.Debug|Any CPU.ActiveCfg = Debug|Any CPU
		{B259C4EC-756D-4D49-A115-170B2625DDF1}.Debug|x64.ActiveCfg = Debug|Any CPU
		{B259C4EC-756D-4D49-A115-170B2625DDF1}.Debug|x64.Build.0 = Debug|Any CPU
		{B259C4EC-756D-4D49-A115-170B2625DDF1}.Debug|x86.ActiveCfg = Debug|Any CPU
		{B259C4EC-756D-4D49-A115-170B2625DDF1}.Debug|x86.Build.0 = Debug|Any CPU
		{B259C4EC-756D-4D49-A115-170B2625DDF1}.Release|Any CPU.ActiveCfg = Release|Any CPU
		{B259C4EC-756D-4D49-A115-170B2625DDF1}.Release|Any CPU.Build.0 = Release|Any CPU
		{B259C4EC-756D-4D49-A115-170B2625DDF1}.Release|x64.ActiveCfg = Release|Any CPU
		{B259C4EC-756D-4D49-A115-170B2625DDF1}.Release|x64.Build.0 = Release|Any CPU
		{B259C4EC-756D-4D49-A115-170B2625DDF1}.Release|x86.ActiveCfg = Release|Any CPU
		{B259C4EC-756D-4D49-A115-170B2625DDF1}.Release|x86.Build.0 = Release|Any CPU
	EndGlobalSection
	GlobalSection(SolutionProperties) = preSolution
		HideSolutionNode = FALSE
	EndGlobalSection
	GlobalSection(ExtensibilityGlobals) = postSolution
		SolutionGuid = {0F0B2D0E-F58D-4E38-96E9-E057980ADF6E}
	EndGlobalSection
EndGlobal
