
Microsoft Visual Studio Solution File, Format Version 12.00
# Visual Studio Version 16
VisualStudioVersion = 16.0.31005.135
MinimumVisualStudioVersion = 15.0.26124.0
Project("{9A19103F-16F7-4668-BE54-9A1E7A4F7556}") = "CommandLine", "CommandLine\CommandLine.csproj", "{188F6E5A-3B53-4691-98BF-2EBA4DB642C4}"
EndProject
Project("{9A19103F-16F7-4668-BE54-9A1E7A4F7556}") = "Tests", "Tests\Tests.csproj", "{A393C7B3-839A-4590-9796-98D8A8860228}"
EndProject
Project("{2150E333-8FDC-42A3-9474-1A3956D46DE8}") = "Solution Items", "Solution Items", "{B832D6AB-0FE1-4B3A-B589-364B117BFB75}"
	ProjectSection(SolutionItems) = preProject
		..\.gitignore = ..\.gitignore
		.globalconfig = .globalconfig
		..\CHANGELOG.md = ..\CHANGELOG.md
		..\.github\workflows\ci.yml = ..\.github\workflows\ci.yml
		..\README.md = ..\README.md
	EndProjectSection
EndProject
Project("{9A19103F-16F7-4668-BE54-9A1E7A4F7556}") = "CommandLineParser", "..\..\commandline\src\CommandLine\CommandLineParser.csproj", "{A530EE2C-2C19-4053-8D26-3D0846B4AEBD}"
EndProject
Global
	GlobalSection(SolutionConfigurationPlatforms) = preSolution
		Debug|Any CPU = Debug|Any CPU
		Debug|x64 = Debug|x64
		Debug|x86 = Debug|x86
		Release|Any CPU = Release|Any CPU
		Release|x64 = Release|x64
		Release|x86 = Release|x86
	EndGlobalSection
	GlobalSection(ProjectConfigurationPlatforms) = postSolution
		{188F6E5A-3B53-4691-98BF-2EBA4DB642C4}.Debug|Any CPU.ActiveCfg = Debug|Any CPU
		{188F6E5A-3B53-4691-98BF-2EBA4DB642C4}.Debug|Any CPU.Build.0 = Debug|Any CPU
		{188F6E5A-3B53-4691-98BF-2EBA4DB642C4}.Debug|x64.ActiveCfg = Debug|Any CPU
		{188F6E5A-3B53-4691-98BF-2EBA4DB642C4}.Debug|x64.Build.0 = Debug|Any CPU
		{188F6E5A-3B53-4691-98BF-2EBA4DB642C4}.Debug|x86.ActiveCfg = Debug|Any CPU
		{188F6E5A-3B53-4691-98BF-2EBA4DB642C4}.Debug|x86.Build.0 = Debug|Any CPU
		{188F6E5A-3B53-4691-98BF-2EBA4DB642C4}.Release|Any CPU.ActiveCfg = Release|Any CPU
		{188F6E5A-3B53-4691-98BF-2EBA4DB642C4}.Release|Any CPU.Build.0 = Release|Any CPU
		{188F6E5A-3B53-4691-98BF-2EBA4DB642C4}.Release|x64.ActiveCfg = Release|Any CPU
		{188F6E5A-3B53-4691-98BF-2EBA4DB642C4}.Release|x64.Build.0 = Release|Any CPU
		{188F6E5A-3B53-4691-98BF-2EBA4DB642C4}.Release|x86.ActiveCfg = Release|Any CPU
		{188F6E5A-3B53-4691-98BF-2EBA4DB642C4}.Release|x86.Build.0 = Release|Any CPU
		{A393C7B3-839A-4590-9796-98D8A8860228}.Debug|Any CPU.ActiveCfg = Debug|Any CPU
		{A393C7B3-839A-4590-9796-98D8A8860228}.Debug|Any CPU.Build.0 = Debug|Any CPU
		{A393C7B3-839A-4590-9796-98D8A8860228}.Debug|x64.ActiveCfg = Debug|Any CPU
		{A393C7B3-839A-4590-9796-98D8A8860228}.Debug|x64.Build.0 = Debug|Any CPU
		{A393C7B3-839A-4590-9796-98D8A8860228}.Debug|x86.ActiveCfg = Debug|Any CPU
		{A393C7B3-839A-4590-9796-98D8A8860228}.Debug|x86.Build.0 = Debug|Any CPU
		{A393C7B3-839A-4590-9796-98D8A8860228}.Release|Any CPU.ActiveCfg = Release|Any CPU
		{A393C7B3-839A-4590-9796-98D8A8860228}.Release|Any CPU.Build.0 = Release|Any CPU
		{A393C7B3-839A-4590-9796-98D8A8860228}.Release|x64.ActiveCfg = Release|Any CPU
		{A393C7B3-839A-4590-9796-98D8A8860228}.Release|x64.Build.0 = Release|Any CPU
		{A393C7B3-839A-4590-9796-98D8A8860228}.Release|x86.ActiveCfg = Release|Any CPU
		{A393C7B3-839A-4590-9796-98D8A8860228}.Release|x86.Build.0 = Release|Any CPU
		{A530EE2C-2C19-4053-8D26-3D0846B4AEBD}.Debug|Any CPU.ActiveCfg = Debug|Any CPU
		{A530EE2C-2C19-4053-8D26-3D0846B4AEBD}.Debug|Any CPU.Build.0 = Debug|Any CPU
		{A530EE2C-2C19-4053-8D26-3D0846B4AEBD}.Debug|x64.ActiveCfg = Debug|Any CPU
		{A530EE2C-2C19-4053-8D26-3D0846B4AEBD}.Debug|x64.Build.0 = Debug|Any CPU
		{A530EE2C-2C19-4053-8D26-3D0846B4AEBD}.Debug|x86.ActiveCfg = Debug|Any CPU
		{A530EE2C-2C19-4053-8D26-3D0846B4AEBD}.Debug|x86.Build.0 = Debug|Any CPU
		{A530EE2C-2C19-4053-8D26-3D0846B4AEBD}.Release|Any CPU.ActiveCfg = Release|Any CPU
		{A530EE2C-2C19-4053-8D26-3D0846B4AEBD}.Release|Any CPU.Build.0 = Release|Any CPU
		{A530EE2C-2C19-4053-8D26-3D0846B4AEBD}.Release|x64.ActiveCfg = Release|Any CPU
		{A530EE2C-2C19-4053-8D26-3D0846B4AEBD}.Release|x64.Build.0 = Release|Any CPU
		{A530EE2C-2C19-4053-8D26-3D0846B4AEBD}.Release|x86.ActiveCfg = Release|Any CPU
		{A530EE2C-2C19-4053-8D26-3D0846B4AEBD}.Release|x86.Build.0 = Release|Any CPU
	EndGlobalSection
	GlobalSection(SolutionProperties) = preSolution
		HideSolutionNode = FALSE
	EndGlobalSection
	GlobalSection(ExtensibilityGlobals) = postSolution
		SolutionGuid = {0F0B2D0E-F58D-4E38-96E9-E057980ADF6E}
	EndGlobalSection
EndGlobal
